
Microsoft Visual Studio Solution File, Format Version 12.00
# Visual Studio 2013
VisualStudioVersion = 12.0.30723.0
MinimumVisualStudioVersion = 10.0.40219.1
Project("{FAE04EC0-301F-11D3-BF4B-00C04F79EFBC}") = "JSONPServer", "JSONPServer\JSONPServer.csproj", "{09FB6193-1668-4D70-9DCB-181DB61131AA}"
EndProject
Project("{FAE04EC0-301F-11D3-BF4B-00C04F79EFBC}") = "JSONPClient", "JSONPClient\JSONPClient.csproj", "{6E33296A-C97A-42DC-AD2F-117B51E1DF52}"
EndProject
Global
	GlobalSection(SolutionConfigurationPlatforms) = preSolution
		Debug|Any CPU = Debug|Any CPU
		Release|Any CPU = Release|Any CPU
	EndGlobalSection
	GlobalSection(ProjectConfigurationPlatforms) = postSolution
		{09FB6193-1668-4D70-9DCB-181DB61131AA}.Debug|Any CPU.ActiveCfg = Debug|Any CPU
		{09FB6193-1668-4D70-9DCB-181DB61131AA}.Debug|Any CPU.Build.0 = Debug|Any CPU
		{09FB6193-1668-4D70-9DCB-181DB61131AA}.Release|Any CPU.ActiveCfg = Release|Any CPU
		{09FB6193-1668-4D70-9DCB-181DB61131AA}.Release|Any CPU.Build.0 = Release|Any CPU
		{6E33296A-C97A-42DC-AD2F-117B51E1DF52}.Debug|Any CPU.ActiveCfg = Debug|Any CPU
		{6E33296A-C97A-42DC-AD2F-117B51E1DF52}.Debug|Any CPU.Build.0 = Debug|Any CPU
		{6E33296A-C97A-42DC-AD2F-117B51E1DF52}.Release|Any CPU.ActiveCfg = Release|Any CPU
		{6E33296A-C97A-42DC-AD2F-117B51E1DF52}.Release|Any CPU.Build.0 = Release|Any CPU
	EndGlobalSection
	GlobalSection(SolutionProperties) = preSolution
		HideSolutionNode = FALSE
	EndGlobalSection
EndGlobal
