
Microsoft Visual Studio Solution File, Format Version 12.00
# Visual Studio 2013
VisualStudioVersion = 12.0.30723.0
MinimumVisualStudioVersion = 10.0.40219.1
Project("{FAE04EC0-301F-11D3-BF4B-00C04F79EFBC}") = "ConsoleApplication", "ConsoleApplication.csproj", "{3E8CCEDD-5A9A-4810-B852-9A9487C72FAA}"
EndProject
Project("{FAE04EC0-301F-11D3-BF4B-00C04F79EFBC}") = "DesignPatterns", "..\DesignPatterns\DesignPatterns.csproj", "{366B3AEA-43F4-460F-BAAF-CED131022CEA}"
EndProject
Project("{F2A71F9B-5D33-465A-A702-920D77279786}") = "FSharpDemo", "..\FSharpDemo\FSharpDemo.fsproj", "{277B662F-3379-4901-A62E-00CD60D8B0AF}"
EndProject
Project("{FAE04EC0-301F-11D3-BF4B-00C04F79EFBC}") = "FunctionalProgrammingCSharp", "FunctionalProgrammingCSharp\FunctionalProgrammingCSharp.csproj", "{4CCE1626-592D-4764-80FF-C4721DE2C51A}"
EndProject
Global
	GlobalSection(SolutionConfigurationPlatforms) = preSolution
		Debug|Any CPU = Debug|Any CPU
		Debug|Mixed Platforms = Debug|Mixed Platforms
		Debug|x86 = Debug|x86
		Dev|Any CPU = Dev|Any CPU
		Dev|Mixed Platforms = Dev|Mixed Platforms
		Dev|x86 = Dev|x86
		Prod|Any CPU = Prod|Any CPU
		Prod|Mixed Platforms = Prod|Mixed Platforms
		Prod|x86 = Prod|x86
		QA|Any CPU = QA|Any CPU
		QA|Mixed Platforms = QA|Mixed Platforms
		QA|x86 = QA|x86
		Release|Any CPU = Release|Any CPU
		Release|Mixed Platforms = Release|Mixed Platforms
		Release|x86 = Release|x86
		Stage|Any CPU = Stage|Any CPU
		Stage|Mixed Platforms = Stage|Mixed Platforms
		Stage|x86 = Stage|x86
	EndGlobalSection
	GlobalSection(ProjectConfigurationPlatforms) = postSolution
		{3E8CCEDD-5A9A-4810-B852-9A9487C72FAA}.Debug|Any CPU.ActiveCfg = Debug|x86
		{3E8CCEDD-5A9A-4810-B852-9A9487C72FAA}.Debug|Mixed Platforms.ActiveCfg = Debug|x86
		{3E8CCEDD-5A9A-4810-B852-9A9487C72FAA}.Debug|Mixed Platforms.Build.0 = Debug|x86
		{3E8CCEDD-5A9A-4810-B852-9A9487C72FAA}.Debug|x86.ActiveCfg = Debug|x86
		{3E8CCEDD-5A9A-4810-B852-9A9487C72FAA}.Debug|x86.Build.0 = Debug|x86
		{3E8CCEDD-5A9A-4810-B852-9A9487C72FAA}.Dev|Any CPU.ActiveCfg = Debug|x86
		{3E8CCEDD-5A9A-4810-B852-9A9487C72FAA}.Dev|Mixed Platforms.ActiveCfg = Debug|x86
		{3E8CCEDD-5A9A-4810-B852-9A9487C72FAA}.Dev|Mixed Platforms.Build.0 = Debug|x86
		{3E8CCEDD-5A9A-4810-B852-9A9487C72FAA}.Dev|x86.ActiveCfg = Debug|x86
		{3E8CCEDD-5A9A-4810-B852-9A9487C72FAA}.Dev|x86.Build.0 = Debug|x86
		{3E8CCEDD-5A9A-4810-B852-9A9487C72FAA}.Prod|Any CPU.ActiveCfg = Release|x86
		{3E8CCEDD-5A9A-4810-B852-9A9487C72FAA}.Prod|Mixed Platforms.ActiveCfg = Release|x86
		{3E8CCEDD-5A9A-4810-B852-9A9487C72FAA}.Prod|Mixed Platforms.Build.0 = Release|x86
		{3E8CCEDD-5A9A-4810-B852-9A9487C72FAA}.Prod|x86.ActiveCfg = Release|x86
		{3E8CCEDD-5A9A-4810-B852-9A9487C72FAA}.Prod|x86.Build.0 = Release|x86
		{3E8CCEDD-5A9A-4810-B852-9A9487C72FAA}.QA|Any CPU.ActiveCfg = Release|x86
		{3E8CCEDD-5A9A-4810-B852-9A9487C72FAA}.QA|Mixed Platforms.ActiveCfg = Release|x86
		{3E8CCEDD-5A9A-4810-B852-9A9487C72FAA}.QA|Mixed Platforms.Build.0 = Release|x86
		{3E8CCEDD-5A9A-4810-B852-9A9487C72FAA}.QA|x86.ActiveCfg = Release|x86
		{3E8CCEDD-5A9A-4810-B852-9A9487C72FAA}.QA|x86.Build.0 = Release|x86
		{3E8CCEDD-5A9A-4810-B852-9A9487C72FAA}.Release|Any CPU.ActiveCfg = Release|x86
		{3E8CCEDD-5A9A-4810-B852-9A9487C72FAA}.Release|Mixed Platforms.ActiveCfg = Release|x86
		{3E8CCEDD-5A9A-4810-B852-9A9487C72FAA}.Release|Mixed Platforms.Build.0 = Release|x86
		{3E8CCEDD-5A9A-4810-B852-9A9487C72FAA}.Release|x86.ActiveCfg = Release|x86
		{3E8CCEDD-5A9A-4810-B852-9A9487C72FAA}.Release|x86.Build.0 = Release|x86
		{3E8CCEDD-5A9A-4810-B852-9A9487C72FAA}.Stage|Any CPU.ActiveCfg = Release|x86
		{3E8CCEDD-5A9A-4810-B852-9A9487C72FAA}.Stage|Mixed Platforms.ActiveCfg = Release|x86
		{3E8CCEDD-5A9A-4810-B852-9A9487C72FAA}.Stage|Mixed Platforms.Build.0 = Release|x86
		{3E8CCEDD-5A9A-4810-B852-9A9487C72FAA}.Stage|x86.ActiveCfg = Release|x86
		{3E8CCEDD-5A9A-4810-B852-9A9487C72FAA}.Stage|x86.Build.0 = Release|x86
		{366B3AEA-43F4-460F-BAAF-CED131022CEA}.Debug|Any CPU.ActiveCfg = Debug|Any CPU
		{366B3AEA-43F4-460F-BAAF-CED131022CEA}.Debug|Any CPU.Build.0 = Debug|Any CPU
		{366B3AEA-43F4-460F-BAAF-CED131022CEA}.Debug|Mixed Platforms.ActiveCfg = Debug|Any CPU
		{366B3AEA-43F4-460F-BAAF-CED131022CEA}.Debug|Mixed Platforms.Build.0 = Debug|Any CPU
		{366B3AEA-43F4-460F-BAAF-CED131022CEA}.Debug|x86.ActiveCfg = Debug|Any CPU
		{366B3AEA-43F4-460F-BAAF-CED131022CEA}.Dev|Any CPU.ActiveCfg = Debug|Any CPU
		{366B3AEA-43F4-460F-BAAF-CED131022CEA}.Dev|Any CPU.Build.0 = Debug|Any CPU
		{366B3AEA-43F4-460F-BAAF-CED131022CEA}.Dev|Mixed Platforms.ActiveCfg = Debug|Any CPU
		{366B3AEA-43F4-460F-BAAF-CED131022CEA}.Dev|Mixed Platforms.Build.0 = Debug|Any CPU
		{366B3AEA-43F4-460F-BAAF-CED131022CEA}.Dev|x86.ActiveCfg = Debug|Any CPU
		{366B3AEA-43F4-460F-BAAF-CED131022CEA}.Prod|Any CPU.ActiveCfg = Release|Any CPU
		{366B3AEA-43F4-460F-BAAF-CED131022CEA}.Prod|Any CPU.Build.0 = Release|Any CPU
		{366B3AEA-43F4-460F-BAAF-CED131022CEA}.Prod|Mixed Platforms.ActiveCfg = Release|Any CPU
		{366B3AEA-43F4-460F-BAAF-CED131022CEA}.Prod|Mixed Platforms.Build.0 = Release|Any CPU
		{366B3AEA-43F4-460F-BAAF-CED131022CEA}.Prod|x86.ActiveCfg = Release|Any CPU
		{366B3AEA-43F4-460F-BAAF-CED131022CEA}.QA|Any CPU.ActiveCfg = Release|Any CPU
		{366B3AEA-43F4-460F-BAAF-CED131022CEA}.QA|Any CPU.Build.0 = Release|Any CPU
		{366B3AEA-43F4-460F-BAAF-CED131022CEA}.QA|Mixed Platforms.ActiveCfg = Release|Any CPU
		{366B3AEA-43F4-460F-BAAF-CED131022CEA}.QA|Mixed Platforms.Build.0 = Release|Any CPU
		{366B3AEA-43F4-460F-BAAF-CED131022CEA}.QA|x86.ActiveCfg = Release|Any CPU
		{366B3AEA-43F4-460F-BAAF-CED131022CEA}.Release|Any CPU.ActiveCfg = Release|Any CPU
		{366B3AEA-43F4-460F-BAAF-CED131022CEA}.Release|Any CPU.Build.0 = Release|Any CPU
		{366B3AEA-43F4-460F-BAAF-CED131022CEA}.Release|Mixed Platforms.ActiveCfg = Release|Any CPU
		{366B3AEA-43F4-460F-BAAF-CED131022CEA}.Release|Mixed Platforms.Build.0 = Release|Any CPU
		{366B3AEA-43F4-460F-BAAF-CED131022CEA}.Release|x86.ActiveCfg = Release|Any CPU
		{366B3AEA-43F4-460F-BAAF-CED131022CEA}.Stage|Any CPU.ActiveCfg = Release|Any CPU
		{366B3AEA-43F4-460F-BAAF-CED131022CEA}.Stage|Any CPU.Build.0 = Release|Any CPU
		{366B3AEA-43F4-460F-BAAF-CED131022CEA}.Stage|Mixed Platforms.ActiveCfg = Release|Any CPU
		{366B3AEA-43F4-460F-BAAF-CED131022CEA}.Stage|Mixed Platforms.Build.0 = Release|Any CPU
		{366B3AEA-43F4-460F-BAAF-CED131022CEA}.Stage|x86.ActiveCfg = Release|Any CPU
		{277B662F-3379-4901-A62E-00CD60D8B0AF}.Debug|Any CPU.ActiveCfg = Debug|Any CPU
		{277B662F-3379-4901-A62E-00CD60D8B0AF}.Debug|Any CPU.Build.0 = Debug|Any CPU
		{277B662F-3379-4901-A62E-00CD60D8B0AF}.Debug|Mixed Platforms.ActiveCfg = Debug|Any CPU
		{277B662F-3379-4901-A62E-00CD60D8B0AF}.Debug|Mixed Platforms.Build.0 = Debug|Any CPU
		{277B662F-3379-4901-A62E-00CD60D8B0AF}.Debug|x86.ActiveCfg = Debug|Any CPU
		{277B662F-3379-4901-A62E-00CD60D8B0AF}.Dev|Any CPU.ActiveCfg = Debug|Any CPU
		{277B662F-3379-4901-A62E-00CD60D8B0AF}.Dev|Any CPU.Build.0 = Debug|Any CPU
		{277B662F-3379-4901-A62E-00CD60D8B0AF}.Dev|Mixed Platforms.ActiveCfg = Debug|Any CPU
		{277B662F-3379-4901-A62E-00CD60D8B0AF}.Dev|Mixed Platforms.Build.0 = Debug|Any CPU
		{277B662F-3379-4901-A62E-00CD60D8B0AF}.Dev|x86.ActiveCfg = Debug|Any CPU
		{277B662F-3379-4901-A62E-00CD60D8B0AF}.Prod|Any CPU.ActiveCfg = Release|Any CPU
		{277B662F-3379-4901-A62E-00CD60D8B0AF}.Prod|Any CPU.Build.0 = Release|Any CPU
		{277B662F-3379-4901-A62E-00CD60D8B0AF}.Prod|Mixed Platforms.ActiveCfg = Release|Any CPU
		{277B662F-3379-4901-A62E-00CD60D8B0AF}.Prod|Mixed Platforms.Build.0 = Release|Any CPU
		{277B662F-3379-4901-A62E-00CD60D8B0AF}.Prod|x86.ActiveCfg = Release|Any CPU
		{277B662F-3379-4901-A62E-00CD60D8B0AF}.QA|Any CPU.ActiveCfg = Release|Any CPU
		{277B662F-3379-4901-A62E-00CD60D8B0AF}.QA|Any CPU.Build.0 = Release|Any CPU
		{277B662F-3379-4901-A62E-00CD60D8B0AF}.QA|Mixed Platforms.ActiveCfg = Release|Any CPU
		{277B662F-3379-4901-A62E-00CD60D8B0AF}.QA|Mixed Platforms.Build.0 = Release|Any CPU
		{277B662F-3379-4901-A62E-00CD60D8B0AF}.QA|x86.ActiveCfg = Release|Any CPU
		{277B662F-3379-4901-A62E-00CD60D8B0AF}.Release|Any CPU.ActiveCfg = Release|Any CPU
		{277B662F-3379-4901-A62E-00CD60D8B0AF}.Release|Any CPU.Build.0 = Release|Any CPU
		{277B662F-3379-4901-A62E-00CD60D8B0AF}.Release|Mixed Platforms.ActiveCfg = Release|Any CPU
		{277B662F-3379-4901-A62E-00CD60D8B0AF}.Release|Mixed Platforms.Build.0 = Release|Any CPU
		{277B662F-3379-4901-A62E-00CD60D8B0AF}.Release|x86.ActiveCfg = Release|Any CPU
		{277B662F-3379-4901-A62E-00CD60D8B0AF}.Stage|Any CPU.ActiveCfg = Release|Any CPU
		{277B662F-3379-4901-A62E-00CD60D8B0AF}.Stage|Any CPU.Build.0 = Release|Any CPU
		{277B662F-3379-4901-A62E-00CD60D8B0AF}.Stage|Mixed Platforms.ActiveCfg = Release|Any CPU
		{277B662F-3379-4901-A62E-00CD60D8B0AF}.Stage|Mixed Platforms.Build.0 = Release|Any CPU
		{277B662F-3379-4901-A62E-00CD60D8B0AF}.Stage|x86.ActiveCfg = Release|Any CPU
		{4CCE1626-592D-4764-80FF-C4721DE2C51A}.Debug|Any CPU.ActiveCfg = Debug|Any CPU
		{4CCE1626-592D-4764-80FF-C4721DE2C51A}.Debug|Any CPU.Build.0 = Debug|Any CPU
		{4CCE1626-592D-4764-80FF-C4721DE2C51A}.Debug|Mixed Platforms.ActiveCfg = Debug|Any CPU
		{4CCE1626-592D-4764-80FF-C4721DE2C51A}.Debug|Mixed Platforms.Build.0 = Debug|Any CPU
		{4CCE1626-592D-4764-80FF-C4721DE2C51A}.Debug|x86.ActiveCfg = Debug|Any CPU
		{4CCE1626-592D-4764-80FF-C4721DE2C51A}.Dev|Any CPU.ActiveCfg = Debug|Any CPU
		{4CCE1626-592D-4764-80FF-C4721DE2C51A}.Dev|Any CPU.Build.0 = Debug|Any CPU
		{4CCE1626-592D-4764-80FF-C4721DE2C51A}.Dev|Mixed Platforms.ActiveCfg = Debug|Any CPU
		{4CCE1626-592D-4764-80FF-C4721DE2C51A}.Dev|Mixed Platforms.Build.0 = Debug|Any CPU
		{4CCE1626-592D-4764-80FF-C4721DE2C51A}.Dev|x86.ActiveCfg = Debug|Any CPU
		{4CCE1626-592D-4764-80FF-C4721DE2C51A}.Prod|Any CPU.ActiveCfg = Release|Any CPU
		{4CCE1626-592D-4764-80FF-C4721DE2C51A}.Prod|Any CPU.Build.0 = Release|Any CPU
		{4CCE1626-592D-4764-80FF-C4721DE2C51A}.Prod|Mixed Platforms.ActiveCfg = Release|Any CPU
		{4CCE1626-592D-4764-80FF-C4721DE2C51A}.Prod|Mixed Platforms.Build.0 = Release|Any CPU
		{4CCE1626-592D-4764-80FF-C4721DE2C51A}.Prod|x86.ActiveCfg = Release|Any CPU
		{4CCE1626-592D-4764-80FF-C4721DE2C51A}.QA|Any CPU.ActiveCfg = Release|Any CPU
		{4CCE1626-592D-4764-80FF-C4721DE2C51A}.QA|Any CPU.Build.0 = Release|Any CPU
		{4CCE1626-592D-4764-80FF-C4721DE2C51A}.QA|Mixed Platforms.ActiveCfg = Release|Any CPU
		{4CCE1626-592D-4764-80FF-C4721DE2C51A}.QA|Mixed Platforms.Build.0 = Release|Any CPU
		{4CCE1626-592D-4764-80FF-C4721DE2C51A}.QA|x86.ActiveCfg = Release|Any CPU
		{4CCE1626-592D-4764-80FF-C4721DE2C51A}.Release|Any CPU.ActiveCfg = Release|Any CPU
		{4CCE1626-592D-4764-80FF-C4721DE2C51A}.Release|Any CPU.Build.0 = Release|Any CPU
		{4CCE1626-592D-4764-80FF-C4721DE2C51A}.Release|Mixed Platforms.ActiveCfg = Release|Any CPU
		{4CCE1626-592D-4764-80FF-C4721DE2C51A}.Release|Mixed Platforms.Build.0 = Release|Any CPU
		{4CCE1626-592D-4764-80FF-C4721DE2C51A}.Release|x86.ActiveCfg = Release|Any CPU
		{4CCE1626-592D-4764-80FF-C4721DE2C51A}.Stage|Any CPU.ActiveCfg = Release|Any CPU
		{4CCE1626-592D-4764-80FF-C4721DE2C51A}.Stage|Any CPU.Build.0 = Release|Any CPU
		{4CCE1626-592D-4764-80FF-C4721DE2C51A}.Stage|Mixed Platforms.ActiveCfg = Release|Any CPU
		{4CCE1626-592D-4764-80FF-C4721DE2C51A}.Stage|Mixed Platforms.Build.0 = Release|Any CPU
		{4CCE1626-592D-4764-80FF-C4721DE2C51A}.Stage|x86.ActiveCfg = Release|Any CPU
	EndGlobalSection
	GlobalSection(SolutionProperties) = preSolution
		HideSolutionNode = FALSE
	EndGlobalSection
EndGlobal
