
Microsoft Visual Studio Solution File, Format Version 12.00
# Visual Studio 2013
VisualStudioVersion = 12.0.30723.0
MinimumVisualStudioVersion = 10.0.40219.1
Project("{FAE04EC0-301F-11D3-BF4B-00C04F79EFBC}") = "Portfolio", "Portfolio\Portfolio.csproj", "{26824981-041B-4DBC-A91C-057E4DB7161F}"
EndProject
Project("{FAE04EC0-301F-11D3-BF4B-00C04F79EFBC}") = "DataLayer", "DataLayer\DataLayer.csproj", "{51078451-5210-41C4-9C51-FCC6635EF500}"
EndProject
Global
	GlobalSection(SolutionConfigurationPlatforms) = preSolution
		Debug|Any CPU = Debug|Any CPU
		Release|Any CPU = Release|Any CPU
	EndGlobalSection
	GlobalSection(ProjectConfigurationPlatforms) = postSolution
		{26824981-041B-4DBC-A91C-057E4DB7161F}.Debug|Any CPU.ActiveCfg = Debug|Any CPU
		{26824981-041B-4DBC-A91C-057E4DB7161F}.Debug|Any CPU.Build.0 = Debug|Any CPU
		{26824981-041B-4DBC-A91C-057E4DB7161F}.Release|Any CPU.ActiveCfg = Release|Any CPU
		{26824981-041B-4DBC-A91C-057E4DB7161F}.Release|Any CPU.Build.0 = Release|Any CPU
		{51078451-5210-41C4-9C51-FCC6635EF500}.Debug|Any CPU.ActiveCfg = Debug|Any CPU
		{51078451-5210-41C4-9C51-FCC6635EF500}.Debug|Any CPU.Build.0 = Debug|Any CPU
		{51078451-5210-41C4-9C51-FCC6635EF500}.Release|Any CPU.ActiveCfg = Release|Any CPU
		{51078451-5210-41C4-9C51-FCC6635EF500}.Release|Any CPU.Build.0 = Release|Any CPU
	EndGlobalSection
	GlobalSection(SolutionProperties) = preSolution
		HideSolutionNode = FALSE
	EndGlobalSection
EndGlobal
